{
	"name": "user",
	"version": "1.0.0",
	"lockfileVersion": 2,
	"requires": true,
	"packages": {
		"": {
			"version": "1.0.0",
			"license": "ISC",
			"dependencies": {
				"uni-cloud-router": "^0.0.9",
				"uni-id": "file:../../../uni_modules/uni-id/uniCloud/cloudfunctions/common/uni-id"
			}
		},
		"../../../uni_modules/uni-id/uniCloud/cloudfunctions/common/uni-id": {
			"version": "3.1.0",
			"license": "Apache-2.0",
			"dependencies": {
				"uni-config-center": "file:../../../../../uni-config-center/uniCloud/cloudfunctions/common/uni-config-center"
			}
		},
		"node_modules/uni-cloud-router": {
			"version": "0.0.9",
			"resolved": "https://registry.npm.taobao.org/uni-cloud-router/download/uni-cloud-router-0.0.9.tgz",
			"integrity": "sha1-YznZLtuGtVzjgBKTVBdngQchD+g="
		},
		"node_modules/uni-id": {
			"resolved": "../../../uni_modules/uni-id/uniCloud/cloudfunctions/common/uni-id",
			"link": true
		}
	},
	"dependencies": {
		"uni-cloud-router": {
			"version": "0.0.9",
			"resolved": "https://registry.npm.taobao.org/uni-cloud-router/download/uni-cloud-router-0.0.9.tgz",
			"integrity": "sha1-YznZLtuGtVzjgBKTVBdngQchD+g="
		},
		"uni-id": {
			"version": "file:../../../uni_modules/uni-id/uniCloud/cloudfunctions/common/uni-id",
			"requires": {
				"uni-config-center": "file:../../../../../uni-config-center/uniCloud/cloudfunctions/common/uni-config-center"
			}
		}
	}
}
